<?xml version="1.0" encoding="utf-8"?>
<Project ToolsVersion="4.0" xmlns="http://schemas.microsoft.com/developer/msbuild/2003">
  <ItemGroup>
    <ClCompile Include="Article.cpp" />
    <ClCompile Include="BDD.cpp" />
    <ClCompile Include="mainmenu.cpp" />
    <ClCompile Include="ServiceArticle.cpp" />
    <ClCompile Include="AjouterArticle.cpp" />
    <ClCompile Include="Catalogue.cpp" />
    <ClCompile Include="GestionPersonnel.cpp" />
    <ClCompile Include="Personnel.cpp" />
    <ClCompile Include="ModifierPersonnel.cpp" />
    <ClCompile Include="AjouterPersonnel.cpp" />
    <ClCompile Include="ServicePersonnel.cpp" />
    <ClCompile Include="Adresse.cpp" />
    <ClCompile Include="ServiceAdresse.cpp" />
    <ClCompile Include="GestionClient.cpp" />
    <ClCompile Include="ModifierAdresse.cpp" />
    <ClCompile Include="SupprimerClientPopUp.cpp" />
    <ClCompile Include="AjouterAdresse.cpp" />
    <ClCompile Include="GestionCommande.cpp" />
    <ClCompile Include="ModifierCommande.cpp" />
    <ClCompile Include="SupprimerCommandePopUp.cpp" />
    <ClCompile Include="DetailCommande.cpp" />
    <ClCompile Include="Statistiques.cpp" />
    <ClCompile Include="Stat1.cpp" />
    <ClCompile Include="Stat2.cpp" />
    <ClCompile Include="Stat3.cpp" />
    <ClCompile Include="Stat4.cpp" />
    <ClCompile Include="Client.cpp" />
    <ClCompile Include="ServiceClient.cpp" />
    <ClCompile Include="AjouterClient.cpp" />
    <ClCompile Include="Commande.cpp" />
    <ClCompile Include="ServiceCommande.cpp" />
    <ClCompile Include="Acheter.cpp" />
    <ClCompile Include="AjouterCommande1.cpp" />
    <ClCompile Include="AjouterCommande2.cpp" />
    <ClCompile Include="AjouterCommande3.cpp" />
  </ItemGroup>
  <ItemGroup>
    <ClInclude Include="Adresse.h" />
    <ClInclude Include="AjouterAdresse.h" />
    <ClInclude Include="AjouterArticle.h" />
    <ClInclude Include="AjouterPersonnel.h" />
    <ClInclude Include="Article.h" />
    <ClInclude Include="BDD.h" />
    <ClInclude Include="Catalogue.h" />
    <ClInclude Include="DetailCommande.h" />
    <ClInclude Include="GestionClient.h" />
    <ClInclude Include="GestionCommande.h" />
    <ClInclude Include="GestionPersonnel.h" />
    <ClInclude Include="mainmenu.h" />
    <ClInclude Include="ModifierAdresse.h" />
    <ClInclude Include="ModifierCommande.h" />
    <ClInclude Include="ModifierPersonnel.h" />
    <ClInclude Include="Personnel.h" />
    <ClInclude Include="ServiceAdresse.h" />
    <ClInclude Include="ServiceArticle.h" />
    <ClInclude Include="ServicePersonnel.h" />
    <ClInclude Include="Stat1.h" />
    <ClInclude Include="Stat2.h" />
    <ClInclude Include="Stat3.h" />
    <ClInclude Include="Stat4.h" />
    <ClInclude Include="Statistiques.h" />
    <ClInclude Include="SupprimerClientPopUp.h" />
    <ClInclude Include="SupprimerCommandePopUp.h" />
    <ClInclude Include="Client.h" />
    <ClInclude Include="ServiceClient.h" />
    <ClInclude Include="AjouterClient.h" />
    <ClInclude Include="Commande.h" />
    <ClInclude Include="ServiceCommande.h" />
    <ClInclude Include="Acheter.h" />
    <ClInclude Include="AjouterCommande1.h" />
    <ClInclude Include="AjouterCommande2.h" />
    <ClInclude Include="AjouterCommande3.h" />
  </ItemGroup>
</Project>